Microsoft Visual Studio Solution File, Format Version 11.00
# Visual Studio 2008

Project("{FF1AB3E1-8599-1241-BF2E-668217FE2AF1}") = "UnicornFrenzy", "Assembly-CSharp-vs.csproj", "{55CBDA92-D5E3-A360-9220-112F6C88D0E6}"
EndProject
Project("{FF1AB3E1-8599-1241-BF2E-668217FE2AF1}") = "UnicornFrenzy", "Assembly-CSharp-Editor-vs.csproj", "{9354CFFC-6601-C297-CF42-32993690E845}"
EndProject
Global
	GlobalSection(SolutionConfigurationPlatforms) = preSolution
		Debug|Any CPU = Debug|Any CPU
		Release|Any CPU = Release|Any CPU
	EndGlobalSection
	GlobalSection(ProjectConfigurationPlatforms) = postSolution
		{55CBDA92-D5E3-A360-9220-112F6C88D0E6}.Debug|Any CPU.ActiveCfg = Debug|Any CPU
		{55CBDA92-D5E3-A360-9220-112F6C88D0E6}.Debug|Any CPU.Build.0 = Debug|Any CPU
		{55CBDA92-D5E3-A360-9220-112F6C88D0E6}.Release|Any CPU.ActiveCfg = Release|Any CPU
		{55CBDA92-D5E3-A360-9220-112F6C88D0E6}.Release|Any CPU.Build.0 = Release|Any CPU
		{9354CFFC-6601-C297-CF42-32993690E845}.Debug|Any CPU.ActiveCfg = Debug|Any CPU
		{9354CFFC-6601-C297-CF42-32993690E845}.Debug|Any CPU.Build.0 = Debug|Any CPU
		{9354CFFC-6601-C297-CF42-32993690E845}.Release|Any CPU.ActiveCfg = Release|Any CPU
		{9354CFFC-6601-C297-CF42-32993690E845}.Release|Any CPU.Build.0 = Release|Any CPU
	EndGlobalSection
	GlobalSection(SolutionProperties) = preSolution
		HideSolutionNode = FALSE
	EndGlobalSection
																																											GlobalSection(MonoDevelopProperties) = preSolution
		StartupItem = Assembly-CSharp.csproj
		Policies = $0
		$0.TextStylePolicy = $1
		$1.inheritsSet = null
		$1.scope = text/x-csharp
		$0.CSharpFormattingPolicy = $2
		$2.inheritsSet = Mono
		$2.inheritsScope = text/x-csharp
		$2.scope = text/x-csharp
		$0.TextStylePolicy = $3
		$3.FileWidth = 120
		$3.TabWidth = 4
		$3.EolMarker = Unix
		$3.inheritsSet = Mono
		$3.inheritsScope = text/plain
		$3.scope = text/plain
	EndGlobalSection

EndGlobal
